
Microsoft Visual Studio Solution File, Format Version 12.00
# Visual Studio Version 17
VisualStudioVersion = 17.14.36414.22
MinimumVisualStudioVersion = 10.0.40219.1
Project("{2150E333-8FDC-42A3-9474-1A3956D46DE8}") = "Task0", "Task0", "{02EA681E-C7D8-13C7-8484-4AC65E1B71E8}"
EndProject
Project("{FAE04EC0-301F-11D3-BF4B-00C04F79EFBC}") = "Tyuiu.NesterenkoVV.Sprint1.Task0.V18", "Tyuiu.NesterenkoVV.Sprint1.Task0.V18\Tyuiu.NesterenkoVV.Sprint1.Task0.V18.csproj", "{EE3CE406-5E92-4F38-9BC5-2A2E514ACFF3}"
EndProject
Project("{FAE04EC0-301F-11D3-BF4B-00C04F79EFBC}") = "Tyuiu.NesterenkoVV.Sprint1.Task0.V18.Lib", "Tyuiu.NesterenkoVV.Sprint1.Task0.V18.Lib\Tyuiu.NesterenkoVV.Sprint1.Task0.V18.Lib.csproj", "{5D91D6EC-3DE1-4B5E-B33C-2220E10DECF1}"
EndProject
Project("{FAE04EC0-301F-11D3-BF4B-00C04F79EFBC}") = "Tyuiu.NesterenkoVV.Sprint1.Task0.V18.Test", "Tyuiu.NesterenkoVV.Sprint1.Task0.V18.Test\Tyuiu.NesterenkoVV.Sprint1.Task0.V18.Test.csproj", "{76A3FC67-8617-4DEB-A199-42B886B68B7A}"
EndProject
Project("{2150E333-8FDC-42A3-9474-1A3956D46DE8}") = "Task1", "Task1", "{AFB3C302-3BB0-4E79-BCE3-ECA28D356728}"
EndProject
Project("{FAE04EC0-301F-11D3-BF4B-00C04F79EFBC}") = "Tyuiu.NesterenkoVV.Sprint1.Task1.V21.Lib", "Tyuiu.NesterenkoVV.Sprint1.Task1.V21.Lib\Tyuiu.NesterenkoVV.Sprint1.Task1.V21.Lib.csproj", "{DC3BF5E0-087D-435C-BFA0-60174842CA08}"
EndProject
Project("{FAE04EC0-301F-11D3-BF4B-00C04F79EFBC}") = "Tyuiu.NesterenkoVV.Sprint1.Task1.V21", "Tyuiu.NesterenkoVV.Sprint1.Task1.V21\Tyuiu.NesterenkoVV.Sprint1.Task1.V21.csproj", "{C7C3AC4B-9A64-45F5-B27A-15488C016DAA}"
EndProject
Project("{FAE04EC0-301F-11D3-BF4B-00C04F79EFBC}") = "Tyuiu.NesterenkoVV.Sprint1.Task1.V21.Test", "Tyuiu.NesterenkoVV.Sprint1.Task1.V21.Test\Tyuiu.NesterenkoVV.Sprint1.Task1.V21.Test.csproj", "{8FBE215A-7745-42D6-95F2-9151ABF112CB}"
EndProject
Project("{2150E333-8FDC-42A3-9474-1A3956D46DE8}") = "Task2", "Task2", "{0BF551BB-5842-40FE-9636-053ED45E6D2A}"
EndProject
Project("{FAE04EC0-301F-11D3-BF4B-00C04F79EFBC}") = "Tyuiu.NesterenkoVV.Sprint1.Task2.V17", "Tyuiu.NesterenkoVV.Sprint1.Task2.V17\Tyuiu.NesterenkoVV.Sprint1.Task2.V17.csproj", "{78E90265-58EA-4A71-9985-94C55C47564C}"
EndProject
Project("{FAE04EC0-301F-11D3-BF4B-00C04F79EFBC}") = "Tyuiu.NesterenkoVV.Sprint1.Task2.V17.Test", "Tyuiu.NesterenkoVV.Sprint1.Task2.V17.Test\Tyuiu.NesterenkoVV.Sprint1.Task2.V17.Test.csproj", "{EB490964-FC71-40D2-AABC-8F967DF27758}"
EndProject
Project("{FAE04EC0-301F-11D3-BF4B-00C04F79EFBC}") = "Tyuiu.NesterenkoVV.Sprint1.Task2.V17.Lib", "Tyuiu.NesterenkoVV.Sprint1.Task2.V17.Lib\Tyuiu.NesterenkoVV.Sprint1.Task2.V17.Lib.csproj", "{3E9F20D5-FB19-452C-8406-D05017A5BB22}"
EndProject
Project("{2150E333-8FDC-42A3-9474-1A3956D46DE8}") = "Task3", "Task3", "{3E680ECB-5E9E-4D07-B543-42B93B119344}"
EndProject
Project("{FAE04EC0-301F-11D3-BF4B-00C04F79EFBC}") = "Tyuiu.NesterenkoVV.Sprint1.Task3.V5", "Tyuiu.NesterenkoVV.Sprint1.Task3.V5\Tyuiu.NesterenkoVV.Sprint1.Task3.V5.csproj", "{A3B1160B-4318-420E-B96D-14F6B2A6CC36}"
EndProject
Project("{FAE04EC0-301F-11D3-BF4B-00C04F79EFBC}") = "Tyuiu.NesterenkoVV.Sprint1.Task3.V5.Lib", "Tyuiu.NesterenkoVV.Sprint1.Task3.V5.Lib\Tyuiu.NesterenkoVV.Sprint1.Task3.V5.Lib.csproj", "{E24FFA48-B761-444F-B20C-57F0265901CF}"
EndProject
Project("{FAE04EC0-301F-11D3-BF4B-00C04F79EFBC}") = "Tyuiu.NesterenkoVV.Sprint1.Task3.V5.Test", "Tyuiu.NesterenkoVV.Sprint1.Task3.V5.Test\Tyuiu.NesterenkoVV.Sprint1.Task3.V5.Test.csproj", "{67DA9EF3-E3A2-4EA4-96BD-6FD18342D1DC}"
EndProject
Project("{2150E333-8FDC-42A3-9474-1A3956D46DE8}") = "Task4", "Task4", "{94EA564D-C08D-420B-9230-94A9966FBCB7}"
EndProject
Project("{FAE04EC0-301F-11D3-BF4B-00C04F79EFBC}") = "Tyuiu.NesterenkoVV.Sprint1.Task4.V15.Test", "Tyuiu.NesterenkoVV.Sprint1.Task4.V15.Test\Tyuiu.NesterenkoVV.Sprint1.Task4.V15.Test.csproj", "{365AA3B5-9521-452C-9CEA-061FC9FD9DD9}"
EndProject
Project("{FAE04EC0-301F-11D3-BF4B-00C04F79EFBC}") = "Tyuiu.NesterenkoVV.Sprint1.Task4.V15.Lib", "Tyuiu.NesterenkoVV.Sprint1.Task4.V15.Lib\Tyuiu.NesterenkoVV.Sprint1.Task4.V15.Lib.csproj", "{AE069B9B-B991-439C-9734-1AEAEF2543A8}"
EndProject
Project("{FAE04EC0-301F-11D3-BF4B-00C04F79EFBC}") = "Tyuiu.NesterenkoVV.Sprint1.Task4.V15", "Tyuiu.NesterenkoVV.Sprint1.Task4.V15\Tyuiu.NesterenkoVV.Sprint1.Task4.V15.csproj", "{D242BD4D-5950-40FF-821B-11446F0EBA30}"
EndProject
Project("{2150E333-8FDC-42A3-9474-1A3956D46DE8}") = "Task5", "Task5", "{B8EA0903-E637-4D2C-A636-5C2D0D5BF500}"
EndProject
Project("{FAE04EC0-301F-11D3-BF4B-00C04F79EFBC}") = "Tyuiu.NesterenkoVV.Sprint1.Task5.V2", "Tyuiu.NesterenkoVV.Sprint1.Task5.V2\Tyuiu.NesterenkoVV.Sprint1.Task5.V2.csproj", "{80727EBB-1F11-4FE0-A30A-C1E6F6E83515}"
EndProject
Project("{FAE04EC0-301F-11D3-BF4B-00C04F79EFBC}") = "Tyuiu.NesterenkoVV.Sprint1.Task5.V2.Lib", "Tyuiu.NesterenkoVV.Sprint1.Task5.V2.Lib\Tyuiu.NesterenkoVV.Sprint1.Task5.V2.Lib.csproj", "{293FF540-52D6-47A0-8AAA-270964C32A0C}"
EndProject
Project("{FAE04EC0-301F-11D3-BF4B-00C04F79EFBC}") = "Tyuiu.NesterenkoVV.Sprint1.Task5.V2.Test", "Tyuiu.NesterenkoVV.Sprint1.Task5.V2.Test\Tyuiu.NesterenkoVV.Sprint1.Task5.V2.Test.csproj", "{A001A7DC-BBAF-489B-A95E-946FFA8DB9DD}"
EndProject
Global
	GlobalSection(SolutionConfigurationPlatforms) = preSolution
		Debug|Any CPU = Debug|Any CPU
		Release|Any CPU = Release|Any CPU
	EndGlobalSection
	GlobalSection(ProjectConfigurationPlatforms) = postSolution
		{EE3CE406-5E92-4F38-9BC5-2A2E514ACFF3}.Debug|Any CPU.ActiveCfg = Debug|Any CPU
		{EE3CE406-5E92-4F38-9BC5-2A2E514ACFF3}.Debug|Any CPU.Build.0 = Debug|Any CPU
		{EE3CE406-5E92-4F38-9BC5-2A2E514ACFF3}.Release|Any CPU.ActiveCfg = Release|Any CPU
		{EE3CE406-5E92-4F38-9BC5-2A2E514ACFF3}.Release|Any CPU.Build.0 = Release|Any CPU
		{5D91D6EC-3DE1-4B5E-B33C-2220E10DECF1}.Debug|Any CPU.ActiveCfg = Debug|Any CPU
		{5D91D6EC-3DE1-4B5E-B33C-2220E10DECF1}.Debug|Any CPU.Build.0 = Debug|Any CPU
		{5D91D6EC-3DE1-4B5E-B33C-2220E10DECF1}.Release|Any CPU.ActiveCfg = Release|Any CPU
		{5D91D6EC-3DE1-4B5E-B33C-2220E10DECF1}.Release|Any CPU.Build.0 = Release|Any CPU
		{76A3FC67-8617-4DEB-A199-42B886B68B7A}.Debug|Any CPU.ActiveCfg = Debug|Any CPU
		{76A3FC67-8617-4DEB-A199-42B886B68B7A}.Debug|Any CPU.Build.0 = Debug|Any CPU
		{76A3FC67-8617-4DEB-A199-42B886B68B7A}.Release|Any CPU.ActiveCfg = Release|Any CPU
		{76A3FC67-8617-4DEB-A199-42B886B68B7A}.Release|Any CPU.Build.0 = Release|Any CPU
		{DC3BF5E0-087D-435C-BFA0-60174842CA08}.Debug|Any CPU.ActiveCfg = Debug|Any CPU
		{DC3BF5E0-087D-435C-BFA0-60174842CA08}.Debug|Any CPU.Build.0 = Debug|Any CPU
		{DC3BF5E0-087D-435C-BFA0-60174842CA08}.Release|Any CPU.ActiveCfg = Release|Any CPU
		{DC3BF5E0-087D-435C-BFA0-60174842CA08}.Release|Any CPU.Build.0 = Release|Any CPU
		{C7C3AC4B-9A64-45F5-B27A-15488C016DAA}.Debug|Any CPU.ActiveCfg = Debug|Any CPU
		{C7C3AC4B-9A64-45F5-B27A-15488C016DAA}.Debug|Any CPU.Build.0 = Debug|Any CPU
		{C7C3AC4B-9A64-45F5-B27A-15488C016DAA}.Release|Any CPU.ActiveCfg = Release|Any CPU
		{C7C3AC4B-9A64-45F5-B27A-15488C016DAA}.Release|Any CPU.Build.0 = Release|Any CPU
		{8FBE215A-7745-42D6-95F2-9151ABF112CB}.Debug|Any CPU.ActiveCfg = Debug|Any CPU
		{8FBE215A-7745-42D6-95F2-9151ABF112CB}.Debug|Any CPU.Build.0 = Debug|Any CPU
		{8FBE215A-7745-42D6-95F2-9151ABF112CB}.Release|Any CPU.ActiveCfg = Release|Any CPU
		{8FBE215A-7745-42D6-95F2-9151ABF112CB}.Release|Any CPU.Build.0 = Release|Any CPU
		{78E90265-58EA-4A71-9985-94C55C47564C}.Debug|Any CPU.ActiveCfg = Debug|Any CPU
		{78E90265-58EA-4A71-9985-94C55C47564C}.Debug|Any CPU.Build.0 = Debug|Any CPU
		{78E90265-58EA-4A71-9985-94C55C47564C}.Release|Any CPU.ActiveCfg = Release|Any CPU
		{78E90265-58EA-4A71-9985-94C55C47564C}.Release|Any CPU.Build.0 = Release|Any CPU
		{EB490964-FC71-40D2-AABC-8F967DF27758}.Debug|Any CPU.ActiveCfg = Debug|Any CPU
		{EB490964-FC71-40D2-AABC-8F967DF27758}.Debug|Any CPU.Build.0 = Debug|Any CPU
		{EB490964-FC71-40D2-AABC-8F967DF27758}.Release|Any CPU.ActiveCfg = Release|Any CPU
		{EB490964-FC71-40D2-AABC-8F967DF27758}.Release|Any CPU.Build.0 = Release|Any CPU
		{3E9F20D5-FB19-452C-8406-D05017A5BB22}.Debug|Any CPU.ActiveCfg = Debug|Any CPU
		{3E9F20D5-FB19-452C-8406-D05017A5BB22}.Debug|Any CPU.Build.0 = Debug|Any CPU
		{3E9F20D5-FB19-452C-8406-D05017A5BB22}.Release|Any CPU.ActiveCfg = Release|Any CPU
		{3E9F20D5-FB19-452C-8406-D05017A5BB22}.Release|Any CPU.Build.0 = Release|Any CPU
		{A3B1160B-4318-420E-B96D-14F6B2A6CC36}.Debug|Any CPU.ActiveCfg = Debug|Any CPU
		{A3B1160B-4318-420E-B96D-14F6B2A6CC36}.Debug|Any CPU.Build.0 = Debug|Any CPU
		{A3B1160B-4318-420E-B96D-14F6B2A6CC36}.Release|Any CPU.ActiveCfg = Release|Any CPU
		{A3B1160B-4318-420E-B96D-14F6B2A6CC36}.Release|Any CPU.Build.0 = Release|Any CPU
		{E24FFA48-B761-444F-B20C-57F0265901CF}.Debug|Any CPU.ActiveCfg = Debug|Any CPU
		{E24FFA48-B761-444F-B20C-57F0265901CF}.Debug|Any CPU.Build.0 = Debug|Any CPU
		{E24FFA48-B761-444F-B20C-57F0265901CF}.Release|Any CPU.ActiveCfg = Release|Any CPU
		{E24FFA48-B761-444F-B20C-57F0265901CF}.Release|Any CPU.Build.0 = Release|Any CPU
		{67DA9EF3-E3A2-4EA4-96BD-6FD18342D1DC}.Debug|Any CPU.ActiveCfg = Debug|Any CPU
		{67DA9EF3-E3A2-4EA4-96BD-6FD18342D1DC}.Debug|Any CPU.Build.0 = Debug|Any CPU
		{67DA9EF3-E3A2-4EA4-96BD-6FD18342D1DC}.Release|Any CPU.ActiveCfg = Release|Any CPU
		{67DA9EF3-E3A2-4EA4-96BD-6FD18342D1DC}.Release|Any CPU.Build.0 = Release|Any CPU
		{365AA3B5-9521-452C-9CEA-061FC9FD9DD9}.Debug|Any CPU.ActiveCfg = Debug|Any CPU
		{365AA3B5-9521-452C-9CEA-061FC9FD9DD9}.Debug|Any CPU.Build.0 = Debug|Any CPU
		{365AA3B5-9521-452C-9CEA-061FC9FD9DD9}.Release|Any CPU.ActiveCfg = Release|Any CPU
		{365AA3B5-9521-452C-9CEA-061FC9FD9DD9}.Release|Any CPU.Build.0 = Release|Any CPU
		{AE069B9B-B991-439C-9734-1AEAEF2543A8}.Debug|Any CPU.ActiveCfg = Debug|Any CPU
		{AE069B9B-B991-439C-9734-1AEAEF2543A8}.Debug|Any CPU.Build.0 = Debug|Any CPU
		{AE069B9B-B991-439C-9734-1AEAEF2543A8}.Release|Any CPU.ActiveCfg = Release|Any CPU
		{AE069B9B-B991-439C-9734-1AEAEF2543A8}.Release|Any CPU.Build.0 = Release|Any CPU
		{D242BD4D-5950-40FF-821B-11446F0EBA30}.Debug|Any CPU.ActiveCfg = Debug|Any CPU
		{D242BD4D-5950-40FF-821B-11446F0EBA30}.Debug|Any CPU.Build.0 = Debug|Any CPU
		{D242BD4D-5950-40FF-821B-11446F0EBA30}.Release|Any CPU.ActiveCfg = Release|Any CPU
		{D242BD4D-5950-40FF-821B-11446F0EBA30}.Release|Any CPU.Build.0 = Release|Any CPU
		{80727EBB-1F11-4FE0-A30A-C1E6F6E83515}.Debug|Any CPU.ActiveCfg = Debug|Any CPU
		{80727EBB-1F11-4FE0-A30A-C1E6F6E83515}.Debug|Any CPU.Build.0 = Debug|Any CPU
		{80727EBB-1F11-4FE0-A30A-C1E6F6E83515}.Release|Any CPU.ActiveCfg = Release|Any CPU
		{80727EBB-1F11-4FE0-A30A-C1E6F6E83515}.Release|Any CPU.Build.0 = Release|Any CPU
		{293FF540-52D6-47A0-8AAA-270964C32A0C}.Debug|Any CPU.ActiveCfg = Debug|Any CPU
		{293FF540-52D6-47A0-8AAA-270964C32A0C}.Debug|Any CPU.Build.0 = Debug|Any CPU
		{293FF540-52D6-47A0-8AAA-270964C32A0C}.Release|Any CPU.ActiveCfg = Release|Any CPU
		{293FF540-52D6-47A0-8AAA-270964C32A0C}.Release|Any CPU.Build.0 = Release|Any CPU
		{A001A7DC-BBAF-489B-A95E-946FFA8DB9DD}.Debug|Any CPU.ActiveCfg = Debug|Any CPU
		{A001A7DC-BBAF-489B-A95E-946FFA8DB9DD}.Debug|Any CPU.Build.0 = Debug|Any CPU
		{A001A7DC-BBAF-489B-A95E-946FFA8DB9DD}.Release|Any CPU.ActiveCfg = Release|Any CPU
		{A001A7DC-BBAF-489B-A95E-946FFA8DB9DD}.Release|Any CPU.Build.0 = Release|Any CPU
	EndGlobalSection
	GlobalSection(SolutionProperties) = preSolution
		HideSolutionNode = FALSE
	EndGlobalSection
	GlobalSection(NestedProjects) = preSolution
		{EE3CE406-5E92-4F38-9BC5-2A2E514ACFF3} = {02EA681E-C7D8-13C7-8484-4AC65E1B71E8}
		{5D91D6EC-3DE1-4B5E-B33C-2220E10DECF1} = {02EA681E-C7D8-13C7-8484-4AC65E1B71E8}
		{76A3FC67-8617-4DEB-A199-42B886B68B7A} = {02EA681E-C7D8-13C7-8484-4AC65E1B71E8}
		{DC3BF5E0-087D-435C-BFA0-60174842CA08} = {AFB3C302-3BB0-4E79-BCE3-ECA28D356728}
		{C7C3AC4B-9A64-45F5-B27A-15488C016DAA} = {AFB3C302-3BB0-4E79-BCE3-ECA28D356728}
		{8FBE215A-7745-42D6-95F2-9151ABF112CB} = {AFB3C302-3BB0-4E79-BCE3-ECA28D356728}
		{78E90265-58EA-4A71-9985-94C55C47564C} = {0BF551BB-5842-40FE-9636-053ED45E6D2A}
		{EB490964-FC71-40D2-AABC-8F967DF27758} = {0BF551BB-5842-40FE-9636-053ED45E6D2A}
		{3E9F20D5-FB19-452C-8406-D05017A5BB22} = {0BF551BB-5842-40FE-9636-053ED45E6D2A}
		{A3B1160B-4318-420E-B96D-14F6B2A6CC36} = {3E680ECB-5E9E-4D07-B543-42B93B119344}
		{E24FFA48-B761-444F-B20C-57F0265901CF} = {3E680ECB-5E9E-4D07-B543-42B93B119344}
		{67DA9EF3-E3A2-4EA4-96BD-6FD18342D1DC} = {3E680ECB-5E9E-4D07-B543-42B93B119344}
		{365AA3B5-9521-452C-9CEA-061FC9FD9DD9} = {94EA564D-C08D-420B-9230-94A9966FBCB7}
		{AE069B9B-B991-439C-9734-1AEAEF2543A8} = {94EA564D-C08D-420B-9230-94A9966FBCB7}
		{D242BD4D-5950-40FF-821B-11446F0EBA30} = {94EA564D-C08D-420B-9230-94A9966FBCB7}
		{80727EBB-1F11-4FE0-A30A-C1E6F6E83515} = {B8EA0903-E637-4D2C-A636-5C2D0D5BF500}
		{293FF540-52D6-47A0-8AAA-270964C32A0C} = {B8EA0903-E637-4D2C-A636-5C2D0D5BF500}
		{A001A7DC-BBAF-489B-A95E-946FFA8DB9DD} = {B8EA0903-E637-4D2C-A636-5C2D0D5BF500}
	EndGlobalSection
	GlobalSection(ExtensibilityGlobals) = postSolution
		SolutionGuid = {DC1A70FA-57EB-4C2C-8B85-6298A5AC1EE6}
	EndGlobalSection
EndGlobal
